
Microsoft Visual Studio Solution File, Format Version 12.00
# Visual Studio Version 17
VisualStudioVersion = 17.4.33213.308
MinimumVisualStudioVersion = 10.0.40219.1
Project("{FAE04EC0-301F-11D3-BF4B-00C04F79EFBC}") = "Hafıza_oyunu", "Hafıza_oyunu\Hafıza_oyunu.csproj", "{7845BD26-F7C2-468F-B798-CFD65C99D95D}"
EndProject
Global
	GlobalSection(SolutionConfigurationPlatforms) = preSolution
		Debug|Any CPU = Debug|Any CPU
		Release|Any CPU = Release|Any CPU
	EndGlobalSection
	GlobalSection(ProjectConfigurationPlatforms) = postSolution
		{7845BD26-F7C2-468F-B798-CFD65C99D95D}.Debug|Any CPU.ActiveCfg = Debug|Any CPU
		{7845BD26-F7C2-468F-B798-CFD65C99D95D}.Debug|Any CPU.Build.0 = Debug|Any CPU
		{7845BD26-F7C2-468F-B798-CFD65C99D95D}.Release|Any CPU.ActiveCfg = Release|Any CPU
		{7845BD26-F7C2-468F-B798-CFD65C99D95D}.Release|Any CPU.Build.0 = Release|Any CPU
	EndGlobalSection
	GlobalSection(SolutionProperties) = preSolution
		HideSolutionNode = FALSE
	EndGlobalSection
	GlobalSection(ExtensibilityGlobals) = postSolution
		SolutionGuid = {8CA1361A-055D-4160-B4DB-33058DD08312}
	EndGlobalSection
EndGlobal
